
Microsoft Visual Studio Solution File, Format Version 12.00
# Visual Studio 14
VisualStudioVersion = 14.0.25420.1
MinimumVisualStudioVersion = 10.0.40219.1
Project("{2150E333-8FDC-42A3-9474-1A3956D46DE8}") = "src", "src", "{E75DAC31-0E5E-4918-8EF8-DAF8541E8B79}"
EndProject
Project("{FAE04EC0-301F-11D3-BF4B-00C04F79EFBC}") = "AspectCore.Extensions.Mvvm", "src\AspectCore.Extensions.Mvvm\AspectCore.Extensions.Mvvm.csproj", "{C246F79E-1A35-4957-84DD-D8C6816C7A57}"
EndProject
Project("{2150E333-8FDC-42A3-9474-1A3956D46DE8}") = "Solution Items", "Solution Items", "{5D9C34F6-3D39-4DBC-8B2F-33F91904D6E1}"
	ProjectSection(SolutionItems) = preProject
		NuGet.config = NuGet.config
	EndProjectSection
EndProject
Project("{2150E333-8FDC-42A3-9474-1A3956D46DE8}") = "sample", "sample", "{25558F6E-2837-4883-91F4-60A64EC2B914}"
EndProject
Project("{FAE04EC0-301F-11D3-BF4B-00C04F79EFBC}") = "AspectCore.Extensions.Mvvm.Sample", "sample\AspectCore.Extensions.Mvvm.Sample\AspectCore.Extensions.Mvvm.Sample.csproj", "{D13D0ABD-A4AF-49AC-959F-37FED45754BA}"
EndProject
Global
	GlobalSection(SolutionConfigurationPlatforms) = preSolution
		Debug|Any CPU = Debug|Any CPU
		Release|Any CPU = Release|Any CPU
	EndGlobalSection
	GlobalSection(ProjectConfigurationPlatforms) = postSolution
		{C246F79E-1A35-4957-84DD-D8C6816C7A57}.Debug|Any CPU.ActiveCfg = Debug|Any CPU
		{C246F79E-1A35-4957-84DD-D8C6816C7A57}.Debug|Any CPU.Build.0 = Debug|Any CPU
		{C246F79E-1A35-4957-84DD-D8C6816C7A57}.Release|Any CPU.ActiveCfg = Release|Any CPU
		{C246F79E-1A35-4957-84DD-D8C6816C7A57}.Release|Any CPU.Build.0 = Release|Any CPU
		{D13D0ABD-A4AF-49AC-959F-37FED45754BA}.Debug|Any CPU.ActiveCfg = Debug|Any CPU
		{D13D0ABD-A4AF-49AC-959F-37FED45754BA}.Debug|Any CPU.Build.0 = Debug|Any CPU
		{D13D0ABD-A4AF-49AC-959F-37FED45754BA}.Release|Any CPU.ActiveCfg = Release|Any CPU
		{D13D0ABD-A4AF-49AC-959F-37FED45754BA}.Release|Any CPU.Build.0 = Release|Any CPU
	EndGlobalSection
	GlobalSection(SolutionProperties) = preSolution
		HideSolutionNode = FALSE
	EndGlobalSection
	GlobalSection(NestedProjects) = preSolution
		{C246F79E-1A35-4957-84DD-D8C6816C7A57} = {E75DAC31-0E5E-4918-8EF8-DAF8541E8B79}
		{D13D0ABD-A4AF-49AC-959F-37FED45754BA} = {25558F6E-2837-4883-91F4-60A64EC2B914}
	EndGlobalSection
EndGlobal
